
Microsoft Visual Studio Solution File, Format Version 12.00
# Visual Studio Version 17
VisualStudioVersion = 17.8.34511.84
MinimumVisualStudioVersion = 10.0.40219.1
Project("{FAE04EC0-301F-11D3-BF4B-00C04F79EFBC}") = "MavenShopMasterPlanner.Models", "MavenShopMasterPlanner.Models\MavenShopMasterPlanner.Models.csproj", "{5AA10775-A972-4078-B3BD-C6F22E14436E}"
EndProject
Project("{FAE04EC0-301F-11D3-BF4B-00C04F79EFBC}") = "MavenShopMasterPlanner.Data", "MavenShopMasterPlanner.Data\MavenShopMasterPlanner.Data.csproj", "{15785B0D-76EA-4E3F-B71B-E08FA2359EEE}"
EndProject
Global
	GlobalSection(SolutionConfigurationPlatforms) = preSolution
		Debug|Any CPU = Debug|Any CPU
		Release|Any CPU = Release|Any CPU
	EndGlobalSection
	GlobalSection(ProjectConfigurationPlatforms) = postSolution
		{5AA10775-A972-4078-B3BD-C6F22E14436E}.Debug|Any CPU.ActiveCfg = Debug|Any CPU
		{5AA10775-A972-4078-B3BD-C6F22E14436E}.Debug|Any CPU.Build.0 = Debug|Any CPU
		{5AA10775-A972-4078-B3BD-C6F22E14436E}.Release|Any CPU.ActiveCfg = Release|Any CPU
		{5AA10775-A972-4078-B3BD-C6F22E14436E}.Release|Any CPU.Build.0 = Release|Any CPU
		{15785B0D-76EA-4E3F-B71B-E08FA2359EEE}.Debug|Any CPU.ActiveCfg = Debug|Any CPU
		{15785B0D-76EA-4E3F-B71B-E08FA2359EEE}.Debug|Any CPU.Build.0 = Debug|Any CPU
		{15785B0D-76EA-4E3F-B71B-E08FA2359EEE}.Release|Any CPU.ActiveCfg = Release|Any CPU
		{15785B0D-76EA-4E3F-B71B-E08FA2359EEE}.Release|Any CPU.Build.0 = Release|Any CPU
	EndGlobalSection
	GlobalSection(SolutionProperties) = preSolution
		HideSolutionNode = FALSE
	EndGlobalSection
	GlobalSection(ExtensibilityGlobals) = postSolution
		SolutionGuid = {8D66A631-68B0-4F7B-8538-8D117FBDFAC7}
	EndGlobalSection
EndGlobal
